
Microsoft Visual Studio Solution File, Format Version 12.00
# Visual Studio 15
VisualStudioVersion = 15.0.27130.2026
MinimumVisualStudioVersion = 10.0.40219.1
Project("{FAE04EC0-301F-11D3-BF4B-00C04F79EFBC}") = "test", "test\test.csproj", "{3DC31D32-2920-437E-A619-02197D3EB266}"
EndProject
Global
	GlobalSection(SolutionConfigurationPlatforms) = preSolution
		Debug|Any CPU = Debug|Any CPU
		Release|Any CPU = Release|Any CPU
	EndGlobalSection
	GlobalSection(ProjectConfigurationPlatforms) = postSolution
		{3DC31D32-2920-437E-A619-02197D3EB266}.Debug|Any CPU.ActiveCfg = Debug|Any CPU
		{3DC31D32-2920-437E-A619-02197D3EB266}.Debug|Any CPU.Build.0 = Debug|Any CPU
		{3DC31D32-2920-437E-A619-02197D3EB266}.Release|Any CPU.ActiveCfg = Release|Any CPU
		{3DC31D32-2920-437E-A619-02197D3EB266}.Release|Any CPU.Build.0 = Release|Any CPU
	EndGlobalSection
	GlobalSection(SolutionProperties) = preSolution
		HideSolutionNode = FALSE
	EndGlobalSection
	GlobalSection(ExtensibilityGlobals) = postSolution
		SolutionGuid = {F331648C-2FAB-43FD-AA3A-29F63A8ACE82}
	EndGlobalSection
EndGlobal
